schema: '2.0'
stages:
  data_collection:
    cmd: python src/data/data_collection.py
    deps:
    - path: src/data/data_collection.py
      hash: md5
      md5: e0e453203a72955403182debbbc1cfe0
      size: 1906
    params:
      params.yaml:
        data_collection.test_size: 0.2
    outs:
    - path: data/raw
      hash: md5
      md5: c0c2d65c14a603e91e029fda3c344a5c.dir
      size: 522262
      nfiles: 2
  pre_processing:
    cmd: python src/data/data_prep.py
    deps:
    - path: data/raw
      hash: md5
      md5: c0c2d65c14a603e91e029fda3c344a5c.dir
      size: 522262
      nfiles: 2
    - path: src/data/data_prep.py
      hash: md5
      md5: a10fc7e9d9cbaa93d303d44b1bab22c3
      size: 1824
    outs:
    - path: data/processed
      hash: md5
      md5: 09d7d1468d5c1e6739769af7e3154438.dir
      size: 546137
      nfiles: 2
  model_building:
    cmd: python src/model/model_building.py
    deps:
    - path: data/processed
      hash: md5
      md5: 09d7d1468d5c1e6739769af7e3154438.dir
      size: 546137
      nfiles: 2
    - path: src/model/model_building.py
      hash: md5
      md5: e0f428e529e545ef38a603d5a3ccdf57
      size: 2405
    params:
      params.yaml:
        model_building.n_estimators: 100
    outs:
    - path: models/model.pkl
      hash: md5
      md5: 49206b35bb84c2a296bf8c8a053e04fe
      size: 7358547
  model_eval:
    cmd: python src/model/model_eval.py
    deps:
    - path: models/model.pkl
      hash: md5
      md5: 49206b35bb84c2a296bf8c8a053e04fe
      size: 7358547
    - path: src/model/model_eval.py
      hash: md5
      md5: fb47719e24b8e9d6bad217e87e01b03b
      size: 2489
    outs:
    - path: reports/metrics.json
      hash: md5
      md5: 4f6a24245dcff2921c164baa7a5d9403
      size: 151
